
Microsoft Visual Studio Solution File, Format Version 11.00
# Visual Studio 2010
Project("{FAE04EC0-301F-11D3-BF4B-00C04F79EFBC}") = "Assembly-CSharp", "Assembly-CSharp.csproj", "{1da15836-0507-7061-ad99-e0c0a398b9fe}"
EndProject
Project("{FAE04EC0-301F-11D3-BF4B-00C04F79EFBC}") = "Assembly-CSharp-Editor", "Assembly-CSharp-Editor.csproj", "{8c3480c0-0023-46a8-2544-522c517d86a4}"
EndProject
Global
	GlobalSection(SolutionConfigurationPlatforms) = preSolution
		Debug|Any CPU = Debug|Any CPU
		Release|Any CPU = Release|Any CPU
	EndGlobalSection
	GlobalSection(ProjectConfigurationPlatforms) = postSolution
		{1da15836-0507-7061-ad99-e0c0a398b9fe}.Debug|Any CPU.ActiveCfg = Debug|Any CPU
		{1da15836-0507-7061-ad99-e0c0a398b9fe}.Debug|Any CPU.Build.0 = Debug|Any CPU
		{1da15836-0507-7061-ad99-e0c0a398b9fe}.Release|Any CPU.ActiveCfg = Release|Any CPU
		{1da15836-0507-7061-ad99-e0c0a398b9fe}.Release|Any CPU.Build.0 = Release|Any CPU
		{8c3480c0-0023-46a8-2544-522c517d86a4}.Debug|Any CPU.ActiveCfg = Debug|Any CPU
		{8c3480c0-0023-46a8-2544-522c517d86a4}.Debug|Any CPU.Build.0 = Debug|Any CPU
		{8c3480c0-0023-46a8-2544-522c517d86a4}.Release|Any CPU.ActiveCfg = Release|Any CPU
		{8c3480c0-0023-46a8-2544-522c517d86a4}.Release|Any CPU.Build.0 = Release|Any CPU
	EndGlobalSection
	GlobalSection(SolutionProperties) = preSolution
		HideSolutionNode = FALSE
	EndGlobalSection
EndGlobal
